
Microsoft Visual Studio Solution File, Format Version 12.00
# Visual Studio 2015
Project("{FAE04EC0-301F-11D3-BF4B-00C04F79EFBC}") = "VoxelBending.CSharp.Plugins", "VoxelBending.CSharp.Plugins.csproj", "{D7C0E01F-E2B7-2CDE-841E-8F4E878E34F7}"
EndProject
Project("{FAE04EC0-301F-11D3-BF4B-00C04F79EFBC}") = "VoxelBending.CSharp", "VoxelBending.CSharp.csproj", "{7D911D4D-4996-3BD3-C5BC-44ACB6093990}"
EndProject
Project("{FAE04EC0-301F-11D3-BF4B-00C04F79EFBC}") = "VoxelBending.CSharp.Editor", "VoxelBending.CSharp.Editor.csproj", "{635862AD-5CFE-2ED0-5FA2-B18FFBB10D89}"
EndProject
Global
	GlobalSection(SolutionConfigurationPlatforms) = preSolution
		Debug|Any CPU = Debug|Any CPU
		Release|Any CPU = Release|Any CPU
	EndGlobalSection
	GlobalSection(ProjectConfigurationPlatforms) = postSolution
		{D7C0E01F-E2B7-2CDE-841E-8F4E878E34F7}.Debug|Any CPU.ActiveCfg = Debug|Any CPU
		{D7C0E01F-E2B7-2CDE-841E-8F4E878E34F7}.Debug|Any CPU.Build.0 = Debug|Any CPU
		{D7C0E01F-E2B7-2CDE-841E-8F4E878E34F7}.Release|Any CPU.ActiveCfg = Release|Any CPU
		{D7C0E01F-E2B7-2CDE-841E-8F4E878E34F7}.Release|Any CPU.Build.0 = Release|Any CPU
		{7D911D4D-4996-3BD3-C5BC-44ACB6093990}.Debug|Any CPU.ActiveCfg = Debug|Any CPU
		{7D911D4D-4996-3BD3-C5BC-44ACB6093990}.Debug|Any CPU.Build.0 = Debug|Any CPU
		{7D911D4D-4996-3BD3-C5BC-44ACB6093990}.Release|Any CPU.ActiveCfg = Release|Any CPU
		{7D911D4D-4996-3BD3-C5BC-44ACB6093990}.Release|Any CPU.Build.0 = Release|Any CPU
		{635862AD-5CFE-2ED0-5FA2-B18FFBB10D89}.Debug|Any CPU.ActiveCfg = Debug|Any CPU
		{635862AD-5CFE-2ED0-5FA2-B18FFBB10D89}.Debug|Any CPU.Build.0 = Debug|Any CPU
		{635862AD-5CFE-2ED0-5FA2-B18FFBB10D89}.Release|Any CPU.ActiveCfg = Release|Any CPU
		{635862AD-5CFE-2ED0-5FA2-B18FFBB10D89}.Release|Any CPU.Build.0 = Release|Any CPU
	EndGlobalSection
	GlobalSection(SolutionProperties) = preSolution
		HideSolutionNode = FALSE
	EndGlobalSection
EndGlobal
